
Microsoft Visual Studio Solution File, Format Version 12.00
# Visual Studio Version 16
VisualStudioVersion = 16.0.30011.22
MinimumVisualStudioVersion = 10.0.40219.1
Project("{FAE04EC0-301F-11D3-BF4B-00C04F79EFBC}") = "EFCoreTutorials", "EFCoreTutorials\EFCoreTutorials.csproj", "{37F5C34C-CBD5-4C0B-A8D5-BAF930F6929E}"
EndProject
Global
	GlobalSection(SolutionConfigurationPlatforms) = preSolution
		Debug|Any CPU = Debug|Any CPU
		Release|Any CPU = Release|Any CPU
	EndGlobalSection
	GlobalSection(ProjectConfigurationPlatforms) = postSolution
		{37F5C34C-CBD5-4C0B-A8D5-BAF930F6929E}.Debug|Any CPU.ActiveCfg = Debug|Any CPU
		{37F5C34C-CBD5-4C0B-A8D5-BAF930F6929E}.Debug|Any CPU.Build.0 = Debug|Any CPU
		{37F5C34C-CBD5-4C0B-A8D5-BAF930F6929E}.Release|Any CPU.ActiveCfg = Release|Any CPU
		{37F5C34C-CBD5-4C0B-A8D5-BAF930F6929E}.Release|Any CPU.Build.0 = Release|Any CPU
	EndGlobalSection
	GlobalSection(SolutionProperties) = preSolution
		HideSolutionNode = FALSE
	EndGlobalSection
	GlobalSection(ExtensibilityGlobals) = postSolution
		SolutionGuid = {D1741378-576B-4F58-84B6-4B3F34FE07F2}
	EndGlobalSection
EndGlobal
